
Microsoft Visual Studio Solution File, Format Version 12.00
Project("{FAE04EC0-301F-11D3-BF4B-00C04F79EFBC}") = "Embalagem.Api", "Embalagem.Api\Embalagem.Api.csproj", "{D35E1BB3-B7C1-488D-83DE-73E3C9A86742}"
EndProject
Project("{2150E333-8FDC-42A3-9474-1A3956D46DE8}") = "Solution Items", "Solution Items", "{D2A5C333-DFA8-4999-BAAB-038E1052BE7C}"
	ProjectSection(SolutionItems) = preProject
		compose.yaml = compose.yaml
		README.md = README.md
	EndProjectSection
EndProject
Project("{2150E333-8FDC-42A3-9474-1A3956D46DE8}") = "res", "res", "{C3A549BB-4828-4DD0-B5C1-FE6504227BC0}"
	ProjectSection(SolutionItems) = preProject
		res\api.png = res\api.png
		res\exemploEntrada.json = res\exemploEntrada.json
		res\exemploSaida.json = res\exemploSaida.json
		res\setup.sql = res\setup.sql
	EndProjectSection
EndProject
Project("{FAE04EC0-301F-11D3-BF4B-00C04F79EFBC}") = "Embalagem.Api.Test", "Embalagem.Api.Test\Embalagem.Api.Test.csproj", "{4FC65E81-754B-437E-B212-12E4348FDC84}"
EndProject
Global
	GlobalSection(SolutionConfigurationPlatforms) = preSolution
		Debug|Any CPU = Debug|Any CPU
		Release|Any CPU = Release|Any CPU
	EndGlobalSection
	GlobalSection(ProjectConfigurationPlatforms) = postSolution
		{D35E1BB3-B7C1-488D-83DE-73E3C9A86742}.Debug|Any CPU.ActiveCfg = Debug|Any CPU
		{D35E1BB3-B7C1-488D-83DE-73E3C9A86742}.Debug|Any CPU.Build.0 = Debug|Any CPU
		{D35E1BB3-B7C1-488D-83DE-73E3C9A86742}.Release|Any CPU.ActiveCfg = Release|Any CPU
		{D35E1BB3-B7C1-488D-83DE-73E3C9A86742}.Release|Any CPU.Build.0 = Release|Any CPU
		{4FC65E81-754B-437E-B212-12E4348FDC84}.Debug|Any CPU.ActiveCfg = Debug|Any CPU
		{4FC65E81-754B-437E-B212-12E4348FDC84}.Debug|Any CPU.Build.0 = Debug|Any CPU
		{4FC65E81-754B-437E-B212-12E4348FDC84}.Release|Any CPU.ActiveCfg = Release|Any CPU
		{4FC65E81-754B-437E-B212-12E4348FDC84}.Release|Any CPU.Build.0 = Release|Any CPU
	EndGlobalSection
	GlobalSection(NestedProjects) = preSolution
		{C3A549BB-4828-4DD0-B5C1-FE6504227BC0} = {D2A5C333-DFA8-4999-BAAB-038E1052BE7C}
	EndGlobalSection
EndGlobal
